
Microsoft Visual Studio Solution File, Format Version 12.00
# Visual Studio Version 17
VisualStudioVersion = 17.7.34031.279
MinimumVisualStudioVersion = 10.0.40219.1
Project("{FAE04EC0-301F-11D3-BF4B-00C04F79EFBC}") = "crud", "crud\crud.csproj", "{61A2D50E-D75B-404E-B86B-B9B8DC20877A}"
EndProject
Global
	GlobalSection(SolutionConfigurationPlatforms) = preSolution
		Debug|Any CPU = Debug|Any CPU
		Release|Any CPU = Release|Any CPU
	EndGlobalSection
	GlobalSection(ProjectConfigurationPlatforms) = postSolution
		{61A2D50E-D75B-404E-B86B-B9B8DC20877A}.Debug|Any CPU.ActiveCfg = Debug|Any CPU
		{61A2D50E-D75B-404E-B86B-B9B8DC20877A}.Debug|Any CPU.Build.0 = Debug|Any CPU
		{61A2D50E-D75B-404E-B86B-B9B8DC20877A}.Release|Any CPU.ActiveCfg = Release|Any CPU
		{61A2D50E-D75B-404E-B86B-B9B8DC20877A}.Release|Any CPU.Build.0 = Release|Any CPU
	EndGlobalSection
	GlobalSection(SolutionProperties) = preSolution
		HideSolutionNode = FALSE
	EndGlobalSection
	GlobalSection(ExtensibilityGlobals) = postSolution
		SolutionGuid = {06F1232C-D0BA-41F8-A315-3778BA160837}
	EndGlobalSection
EndGlobal
